// !$*UTF8*$!
{
	archiveVersion = 1;
	classes = {
	};
	objectVersion = 55;
	objects = {

/* Begin PBXBuildFile section */
		26316897288317F100B54F21 /* URLSessionMock.swift in Sources */ = {isa = PBXBuildFile; fileRef = 26316896288317F100B54F21 /* URLSessionMock.swift */; };
		2670B15F2876C89F00AD510B /* TableViewCell.swift in Sources */ = {isa = PBXBuildFile; fileRef = 2670B15D2876C89F00AD510B /* TableViewCell.swift */; };
		2670B1602876C89F00AD510B /* TableViewCell.xib in Resources */ = {isa = PBXBuildFile; fileRef = 2670B15E2876C89F00AD510B /* TableViewCell.xib */; };
		26871F6C287CD469002945A0 /* DetailViewController.swift in Sources */ = {isa = PBXBuildFile; fileRef = 26871F6A287CD469002945A0 /* DetailViewController.swift */; };
		26871F6D287CD469002945A0 /* DetailView.xib in Resources */ = {isa = PBXBuildFile; fileRef = 26871F6B287CD469002945A0 /* DetailView.xib */; };
		2688A14E287B385900DB8BD3 /* CharactersTableViewController.swift in Sources */ = {isa = PBXBuildFile; fileRef = 2688A14C287B385900DB8BD3 /* CharactersTableViewController.swift */; };
		2688A14F287B385900DB8BD3 /* CharactersTable.xib in Resources */ = {isa = PBXBuildFile; fileRef = 2688A14D287B385900DB8BD3 /* CharactersTable.xib */; };
		2688A156287B490D00DB8BD3 /* TabBarViewController.swift in Sources */ = {isa = PBXBuildFile; fileRef = 2688A154287B490D00DB8BD3 /* TabBarViewController.swift */; };
		2688A157287B490D00DB8BD3 /* TabBarViewController.xib in Resources */ = {isa = PBXBuildFile; fileRef = 2688A155287B490D00DB8BD3 /* TabBarViewController.xib */; };
		2688A15E287B4C9400DB8BD3 /* CollectionViewCell.swift in Sources */ = {isa = PBXBuildFile; fileRef = 2688A15C287B4C9400DB8BD3 /* CollectionViewCell.swift */; };
		2688A15F287B4C9400DB8BD3 /* CollectionViewCell.xib in Resources */ = {isa = PBXBuildFile; fileRef = 2688A15D287B4C9400DB8BD3 /* CollectionViewCell.xib */; };
		26890EDA287F6C4100F5D141 /* NetworkModel.swift in Sources */ = {isa = PBXBuildFile; fileRef = 26890ED9287F6C4100F5D141 /* NetworkModel.swift */; };
		26890EDC287F772E00F5D141 /* HeroModel.swift in Sources */ = {isa = PBXBuildFile; fileRef = 26890EDB287F772E00F5D141 /* HeroModel.swift */; };
		268B6CA5288473F9009CA963 /* LocalDataModelTests.swift in Sources */ = {isa = PBXBuildFile; fileRef = 268B6CA4288473F9009CA963 /* LocalDataModelTests.swift */; };
		268B6CA7288496CB009CA963 /* heroes.json in Resources */ = {isa = PBXBuildFile; fileRef = 268B6CA6288496CB009CA963 /* heroes.json */; };
		268B6CA9288499B0009CA963 /* jsonMalformed.json in Resources */ = {isa = PBXBuildFile; fileRef = 268B6CA8288499B0009CA963 /* jsonMalformed.json */; };
		268C888D287BA5FF00D135EA /* CollectionViewController.swift in Sources */ = {isa = PBXBuildFile; fileRef = 268C888B287BA5FF00D135EA /* CollectionViewController.swift */; };
		268C888E287BA5FF00D135EA /* CollectionView.xib in Resources */ = {isa = PBXBuildFile; fileRef = 268C888C287BA5FF00D135EA /* CollectionView.xib */; };
		268CADA22875C403001DA00E /* AppDelegate.swift in Sources */ = {isa = PBXBuildFile; fileRef = 268CADA12875C403001DA00E /* AppDelegate.swift */; };
		268CADA42875C403001DA00E /* SceneDelegate.swift in Sources */ = {isa = PBXBuildFile; fileRef = 268CADA32875C403001DA00E /* SceneDelegate.swift */; };
		268CADAB2875C405001DA00E /* Assets.xcassets in Resources */ = {isa = PBXBuildFile; fileRef = 268CADAA2875C405001DA00E /* Assets.xcassets */; };
		268CADAE2875C405001DA00E /* LaunchScreen.storyboard in Resources */ = {isa = PBXBuildFile; fileRef = 268CADAC2875C405001DA00E /* LaunchScreen.storyboard */; };
		268CADB92875C405001DA00E /* NetworkModelTests.swift in Sources */ = {isa = PBXBuildFile; fileRef = 268CADB82875C405001DA00E /* NetworkModelTests.swift */; };
		268CADD62875C49F001DA00E /* LoginViewController.swift in Sources */ = {isa = PBXBuildFile; fileRef = 268CADD42875C49F001DA00E /* LoginViewController.swift */; };
		268CADD72875C49F001DA00E /* LoginView.xib in Resources */ = {isa = PBXBuildFile; fileRef = 268CADD52875C49F001DA00E /* LoginView.xib */; };
		268EE3EA2891D062002A72DF /* UIViewControllerExtension.swift in Sources */ = {isa = PBXBuildFile; fileRef = 268EE3E92891D062002A72DF /* UIViewControllerExtension.swift */; };
		2690CA062882E993007154D4 /* TransformationsDetailController.swift in Sources */ = {isa = PBXBuildFile; fileRef = 2690CA042882E993007154D4 /* TransformationsDetailController.swift */; };
		2690CA072882E993007154D4 /* TransformationsDetail.xib in Resources */ = {isa = PBXBuildFile; fileRef = 2690CA052882E993007154D4 /* TransformationsDetail.xib */; };
		269EEE502881976200CECA17 /* UIImageExtension.swift in Sources */ = {isa = PBXBuildFile; fileRef = 269EEE4F2881976200CECA17 /* UIImageExtension.swift */; };
		269EEE532881C2FE00CECA17 /* LocalDataModel.swift in Sources */ = {isa = PBXBuildFile; fileRef = 269EEE522881C2FE00CECA17 /* LocalDataModel.swift */; };
		269EEE562881EC1B00CECA17 /* TransformViewController.swift in Sources */ = {isa = PBXBuildFile; fileRef = 269EEE542881EC1B00CECA17 /* TransformViewController.swift */; };
		269EEE572881EC1B00CECA17 /* TransformViewController.xib in Resources */ = {isa = PBXBuildFile; fileRef = 269EEE552881EC1B00CECA17 /* TransformViewController.xib */; };
		269EEE5A2881F03B00CECA17 /* TransformationsViewCell.swift in Sources */ = {isa = PBXBuildFile; fileRef = 269EEE582881F03B00CECA17 /* TransformationsViewCell.swift */; };
		269EEE5B2881F03B00CECA17 /* TransformationsCell.xib in Resources */ = {isa = PBXBuildFile; fileRef = 269EEE592881F03B00CECA17 /* TransformationsCell.xib */; };
		269EEE5D28821B3C00CECA17 /* TransformationsModel.swift in Sources */ = {isa = PBXBuildFile; fileRef = 269EEE5C28821B3C00CECA17 /* TransformationsModel.swift */; };
		26DF96A72884BBEC00410B00 /* transformation.json in Resources */ = {isa = PBXBuildFile; fileRef = 26DF96A62884BBEC00410B00 /* transformation.json */; };
/* End PBXBuildFile section */

/* Begin PBXContainerItemProxy section */
		268CADB52875C405001DA00E /* PBXContainerItemProxy */ = {
			isa = PBXContainerItemProxy;
			containerPortal = 268CAD962875C403001DA00E /* Project object */;
			proxyType = 1;
			remoteGlobalIDString = 268CAD9D2875C403001DA00E;
			remoteInfo = "Dragon Ball";
		};
/* End PBXContainerItemProxy section */

/* Begin PBXFileReference section */
		26316896288317F100B54F21 /* URLSessionMock.swift */ = {isa = PBXFileReference; lastKnownFileType = sourcecode.swift; path = URLSessionMock.swift; sourceTree = "<group>"; };
		2670B15D2876C89F00AD510B /* TableViewCell.swift */ = {isa = PBXFileReference; lastKnownFileType = sourcecode.swift; path = TableViewCell.swift; sourceTree = "<group>"; };
		2670B15E2876C89F00AD510B /* TableViewCell.xib */ = {isa = PBXFileReference; lastKnownFileType = file.xib; path = TableViewCell.xib; sourceTree = "<group>"; };
		26871F6A287CD469002945A0 /* DetailViewController.swift */ = {isa = PBXFileReference; lastKnownFileType = sourcecode.swift; path = DetailViewController.swift; sourceTree = "<group>"; };
		26871F6B287CD469002945A0 /* DetailView.xib */ = {isa = PBXFileReference; lastKnownFileType = file.xib; path = DetailView.xib; sourceTree = "<group>"; };
		2688A14C287B385900DB8BD3 /* CharactersTableViewController.swift */ = {isa = PBXFileReference; lastKnownFileType = sourcecode.swift; path = CharactersTableViewController.swift; sourceTree = "<group>"; };
		2688A14D287B385900DB8BD3 /* CharactersTable.xib */ = {isa = PBXFileReference; lastKnownFileType = file.xib; path = CharactersTable.xib; sourceTree = "<group>"; };
		2688A154287B490D00DB8BD3 /* TabBarViewController.swift */ = {isa = PBXFileReference; lastKnownFileType = sourcecode.swift; path = TabBarViewController.swift; sourceTree = "<group>"; };
		2688A155287B490D00DB8BD3 /* TabBarViewController.xib */ = {isa = PBXFileReference; lastKnownFileType = file.xib; path = TabBarViewController.xib; sourceTree = "<group>"; };
		2688A15C287B4C9400DB8BD3 /* CollectionViewCell.swift */ = {isa = PBXFileReference; lastKnownFileType = sourcecode.swift; path = CollectionViewCell.swift; sourceTree = "<group>"; };
		2688A15D287B4C9400DB8BD3 /* CollectionViewCell.xib */ = {isa = PBXFileReference; lastKnownFileType = file.xib; path = CollectionViewCell.xib; sourceTree = "<group>"; };
		26890ED9287F6C4100F5D141 /* NetworkModel.swift */ = {isa = PBXFileReference; lastKnownFileType = sourcecode.swift; path = NetworkModel.swift; sourceTree = "<group>"; };
		26890EDB287F772E00F5D141 /* HeroModel.swift */ = {isa = PBXFileReference; lastKnownFileType = sourcecode.swift; path = HeroModel.swift; sourceTree = "<group>"; };
		268B6CA4288473F9009CA963 /* LocalDataModelTests.swift */ = {isa = PBXFileReference; lastKnownFileType = sourcecode.swift; path = LocalDataModelTests.swift; sourceTree = "<group>"; };
		268B6CA6288496CB009CA963 /* heroes.json */ = {isa = PBXFileReference; lastKnownFileType = text.json; path = heroes.json; sourceTree = "<group>"; };
		268B6CA8288499B0009CA963 /* jsonMalformed.json */ = {isa = PBXFileReference; lastKnownFileType = text.json; path = jsonMalformed.json; sourceTree = "<group>"; };
		268C888B287BA5FF00D135EA /* CollectionViewController.swift */ = {isa = PBXFileReference; lastKnownFileType = sourcecode.swift; path = CollectionViewController.swift; sourceTree = "<group>"; };
		268C888C287BA5FF00D135EA /* CollectionView.xib */ = {isa = PBXFileReference; lastKnownFileType = file.xib; path = CollectionView.xib; sourceTree = "<group>"; };
		268CAD9E2875C403001DA00E /* Dragon Ball.app */ = {isa = PBXFileReference; explicitFileType = wrapper.application; includeInIndex = 0; path = "Dragon Ball.app"; sourceTree = BUILT_PRODUCTS_DIR; };
		268CADA12875C403001DA00E /* AppDelegate.swift */ = {isa = PBXFileReference; lastKnownFileType = sourcecode.swift; path = AppDelegate.swift; sourceTree = "<group>"; };
		268CADA32875C403001DA00E /* SceneDelegate.swift */ = {isa = PBXFileReference; lastKnownFileType = sourcecode.swift; path = SceneDelegate.swift; sourceTree = "<group>"; };
		268CADAA2875C405001DA00E /* Assets.xcassets */ = {isa = PBXFileReference; lastKnownFileType = folder.assetcatalog; path = Assets.xcassets; sourceTree = "<group>"; };
		268CADAD2875C405001DA00E /* Base */ = {isa = PBXFileReference; lastKnownFileType = file.storyboard; name = Base; path = Base.lproj/LaunchScreen.storyboard; sourceTree = "<group>"; };
		268CADAF2875C405001DA00E /* Info.plist */ = {isa = PBXFileReference; lastKnownFileType = text.plist.xml; path = Info.plist; sourceTree = "<group>"; };
		268CADB42875C405001DA00E /* Dragon BallTests.xctest */ = {isa = PBXFileReference; explicitFileType = wrapper.cfbundle; includeInIndex = 0; path = "Dragon BallTests.xctest"; sourceTree = BUILT_PRODUCTS_DIR; };
		268CADB82875C405001DA00E /* NetworkModelTests.swift */ = {isa = PBXFileReference; lastKnownFileType = sourcecode.swift; path = NetworkModelTests.swift; sourceTree = "<group>"; };
		268CADD42875C49F001DA00E /* LoginViewController.swift */ = {isa = PBXFileReference; lastKnownFileType = sourcecode.swift; path = LoginViewController.swift; sourceTree = "<group>"; };
		268CADD52875C49F001DA00E /* LoginView.xib */ = {isa = PBXFileReference; lastKnownFileType = file.xib; path = LoginView.xib; sourceTree = "<group>"; };
		268EE3E92891D062002A72DF /* UIViewControllerExtension.swift */ = {isa = PBXFileReference; lastKnownFileType = sourcecode.swift; path = UIViewControllerExtension.swift; sourceTree = "<group>"; };
		2690CA042882E993007154D4 /* TransformationsDetailController.swift */ = {isa = PBXFileReference; lastKnownFileType = sourcecode.swift; path = TransformationsDetailController.swift; sourceTree = "<group>"; };
		2690CA052882E993007154D4 /* TransformationsDetail.xib */ = {isa = PBXFileReference; lastKnownFileType = file.xib; path = TransformationsDetail.xib; sourceTree = "<group>"; };
		269EEE4F2881976200CECA17 /* UIImageExtension.swift */ = {isa = PBXFileReference; lastKnownFileType = sourcecode.swift; path = UIImageExtension.swift; sourceTree = "<group>"; };
		269EEE522881C2FE00CECA17 /* LocalDataModel.swift */ = {isa = PBXFileReference; lastKnownFileType = sourcecode.swift; path = LocalDataModel.swift; sourceTree = "<group>"; };
		269EEE542881EC1B00CECA17 /* TransformViewController.swift */ = {isa = PBXFileReference; lastKnownFileType = sourcecode.swift; path = TransformViewController.swift; sourceTree = "<group>"; };
		269EEE552881EC1B00CECA17 /* TransformViewController.xib */ = {isa = PBXFileReference; lastKnownFileType = file.xib; path = TransformViewController.xib; sourceTree = "<group>"; };
		269EEE582881F03B00CECA17 /* TransformationsViewCell.swift */ = {isa = PBXFileReference; lastKnownFileType = sourcecode.swift; path = TransformationsViewCell.swift; sourceTree = "<group>"; };
		269EEE592881F03B00CECA17 /* TransformationsCell.xib */ = {isa = PBXFileReference; lastKnownFileType = file.xib; path = TransformationsCell.xib; sourceTree = "<group>"; };
		269EEE5C28821B3C00CECA17 /* TransformationsModel.swift */ = {isa = PBXFileReference; lastKnownFileType = sourcecode.swift; path = TransformationsModel.swift; sourceTree = "<group>"; };
		26DF96A62884BBEC00410B00 /* transformation.json */ = {isa = PBXFileReference; fileEncoding = 4; lastKnownFileType = text.json; path = transformation.json; sourceTree = "<group>"; };
/* End PBXFileReference section */

/* Begin PBXFrameworksBuildPhase section */
		268CAD9B2875C403001DA00E /* Frameworks */ = {
			isa = PBXFrameworksBuildPhase;
			buildActionMask = 2147483647;
			files = (
			);
			runOnlyForDeploymentPostprocessing = 0;
		};
		268CADB12875C405001DA00E /* Frameworks */ = {
			isa = PBXFrameworksBuildPhase;
			buildActionMask = 2147483647;
			files = (
			);
			runOnlyForDeploymentPostprocessing = 0;
		};
/* End PBXFrameworksBuildPhase section */

/* Begin PBXGroup section */
		26871F68287CD426002945A0 /* Cells */ = {
			isa = PBXGroup;
			children = (
				2688A15D287B4C9400DB8BD3 /* CollectionViewCell.xib */,
				2670B15E2876C89F00AD510B /* TableViewCell.xib */,
				269EEE592881F03B00CECA17 /* TransformationsCell.xib */,
			);
			path = Cells;
			sourceTree = "<group>";
		};
		26871F69287CD439002945A0 /* Cells */ = {
			isa = PBXGroup;
			children = (
				2670B15D2876C89F00AD510B /* TableViewCell.swift */,
				2688A15C287B4C9400DB8BD3 /* CollectionViewCell.swift */,
				269EEE582881F03B00CECA17 /* TransformationsViewCell.swift */,
			);
			path = Cells;
			sourceTree = "<group>";
		};
		268CAD952875C403001DA00E = {
			isa = PBXGroup;
			children = (
				268CADA02875C403001DA00E /* Dragon Ball */,
				268CADB72875C405001DA00E /* DragonBallTests */,
				268CAD9F2875C403001DA00E /* Products */,
			);
			sourceTree = "<group>";
		};
		268CAD9F2875C403001DA00E /* Products */ = {
			isa = PBXGroup;
			children = (
				268CAD9E2875C403001DA00E /* Dragon Ball.app */,
				268CADB42875C405001DA00E /* Dragon BallTests.xctest */,
			);
			name = Products;
			sourceTree = "<group>";
		};
		268CADA02875C403001DA00E /* Dragon Ball */ = {
			isa = PBXGroup;
			children = (
				268CADD12875C421001DA00E /* Models */,
				268CADD22875C42B001DA00E /* Views */,
				268CADD32875C439001DA00E /* Controllers */,
				269EEE4E2881973C00CECA17 /* Extensions */,
				268CADA12875C403001DA00E /* AppDelegate.swift */,
				268CADA32875C403001DA00E /* SceneDelegate.swift */,
				268CADAA2875C405001DA00E /* Assets.xcassets */,
				268CADAC2875C405001DA00E /* LaunchScreen.storyboard */,
				268CADAF2875C405001DA00E /* Info.plist */,
			);
			path = "Dragon Ball";
			sourceTree = "<group>";
		};
		268CADB72875C405001DA00E /* DragonBallTests */ = {
			isa = PBXGroup;
			children = (
				268CADB82875C405001DA00E /* NetworkModelTests.swift */,
				268B6CA4288473F9009CA963 /* LocalDataModelTests.swift */,
				26316896288317F100B54F21 /* URLSessionMock.swift */,
				268B6CA6288496CB009CA963 /* heroes.json */,
				268B6CA8288499B0009CA963 /* jsonMalformed.json */,
				26DF96A62884BBEC00410B00 /* transformation.json */,
			);
			path = DragonBallTests;
			sourceTree = "<group>";
		};
		268CADD12875C421001DA00E /* Models */ = {
			isa = PBXGroup;
			children = (
				26890ED9287F6C4100F5D141 /* NetworkModel.swift */,
				26890EDB287F772E00F5D141 /* HeroModel.swift */,
				269EEE522881C2FE00CECA17 /* LocalDataModel.swift */,
				269EEE5C28821B3C00CECA17 /* TransformationsModel.swift */,
			);
			path = Models;
			sourceTree = "<group>";
		};
		268CADD22875C42B001DA00E /* Views */ = {
			isa = PBXGroup;
			children = (
				26871F68287CD426002945A0 /* Cells */,
				268CADD52875C49F001DA00E /* LoginView.xib */,
				2688A155287B490D00DB8BD3 /* TabBarViewController.xib */,
				2688A14D287B385900DB8BD3 /* CharactersTable.xib */,
				268C888C287BA5FF00D135EA /* CollectionView.xib */,
				26871F6B287CD469002945A0 /* DetailView.xib */,
				269EEE552881EC1B00CECA17 /* TransformViewController.xib */,
				2690CA052882E993007154D4 /* TransformationsDetail.xib */,
			);
			path = Views;
			sourceTree = "<group>";
		};
		268CADD32875C439001DA00E /* Controllers */ = {
			isa = PBXGroup;
			children = (
				26871F69287CD439002945A0 /* Cells */,
				268CADD42875C49F001DA00E /* LoginViewController.swift */,
				2688A154287B490D00DB8BD3 /* TabBarViewController.swift */,
				2688A14C287B385900DB8BD3 /* CharactersTableViewController.swift */,
				268C888B287BA5FF00D135EA /* CollectionViewController.swift */,
				26871F6A287CD469002945A0 /* DetailViewController.swift */,
				269EEE542881EC1B00CECA17 /* TransformViewController.swift */,
				2690CA042882E993007154D4 /* TransformationsDetailController.swift */,
			);
			path = Controllers;
			sourceTree = "<group>";
		};
		269EEE4E2881973C00CECA17 /* Extensions */ = {
			isa = PBXGroup;
			children = (
				269EEE4F2881976200CECA17 /* UIImageExtension.swift */,
				268EE3E92891D062002A72DF /* UIViewControllerExtension.swift */,
			);
			path = Extensions;
			sourceTree = "<group>";
		};
/* End PBXGroup section */

/* Begin PBXNativeTarget section */
		268CAD9D2875C403001DA00E /* Dragon Ball */ = {
			isa = PBXNativeTarget;
			buildConfigurationList = 268CADC82875C406001DA00E /* Build configuration list for PBXNativeTarget "Dragon Ball" */;
			buildPhases = (
				268CAD9A2875C403001DA00E /* Sources */,
				268CAD9B2875C403001DA00E /* Frameworks */,
				268CAD9C2875C403001DA00E /* Resources */,
			);
			buildRules = (
			);
			dependencies = (
			);
			name = "Dragon Ball";
			productName = "Dragon Ball";
			productReference = 268CAD9E2875C403001DA00E /* Dragon Ball.app */;
			productType = "com.apple.product-type.application";
		};
		268CADB32875C405001DA00E /* Dragon BallTests */ = {
			isa = PBXNativeTarget;
			buildConfigurationList = 268CADCB2875C406001DA00E /* Build configuration list for PBXNativeTarget "Dragon BallTests" */;
			buildPhases = (
				268CADB02875C405001DA00E /* Sources */,
				268CADB12875C405001DA00E /* Frameworks */,
				268CADB22875C405001DA00E /* Resources */,
			);
			buildRules = (
			);
			dependencies = (
				268CADB62875C405001DA00E /* PBXTargetDependency */,
			);
			name = "Dragon BallTests";
			productName = "Dragon BallTests";
			productReference = 268CADB42875C405001DA00E /* Dragon BallTests.xctest */;
			productType = "com.apple.product-type.bundle.unit-test";
		};
/* End PBXNativeTarget section */

/* Begin PBXProject section */
		268CAD962875C403001DA00E /* Project object */ = {
			isa = PBXProject;
			attributes = {
				BuildIndependentTargetsInParallel = 1;
				LastSwiftUpdateCheck = 1340;
				LastUpgradeCheck = 1340;
				TargetAttributes = {
					268CAD9D2875C403001DA00E = {
						CreatedOnToolsVersion = 13.4.1;
					};
					268CADB32875C405001DA00E = {
						CreatedOnToolsVersion = 13.4.1;
						TestTargetID = 268CAD9D2875C403001DA00E;
					};
				};
			};
			buildConfigurationList = 268CAD992875C403001DA00E /* Build configuration list for PBXProject "Dragon Ball" */;
			compatibilityVersion = "Xcode 13.0";
			developmentRegion = en;
			hasScannedForEncodings = 0;
			knownRegions = (
				en,
				Base,
			);
			mainGroup = 268CAD952875C403001DA00E;
			productRefGroup = 268CAD9F2875C403001DA00E /* Products */;
			projectDirPath = "";
			projectRoot = "";
			targets = (
				268CAD9D2875C403001DA00E /* Dragon Ball */,
				268CADB32875C405001DA00E /* Dragon BallTests */,
			);
		};
/* End PBXProject section */

/* Begin PBXResourcesBuildPhase section */
		268CAD9C2875C403001DA00E /* Resources */ = {
			isa = PBXResourcesBuildPhase;
			buildActionMask = 2147483647;
			files = (
				268C888E287BA5FF00D135EA /* CollectionView.xib in Resources */,
				2690CA072882E993007154D4 /* TransformationsDetail.xib in Resources */,
				269EEE572881EC1B00CECA17 /* TransformViewController.xib in Resources */,
				2670B1602876C89F00AD510B /* TableViewCell.xib in Resources */,
				268CADAE2875C405001DA00E /* LaunchScreen.storyboard in Resources */,
				268CADAB2875C405001DA00E /* Assets.xcassets in Resources */,
				26871F6D287CD469002945A0 /* DetailView.xib in Resources */,
				269EEE5B2881F03B00CECA17 /* TransformationsCell.xib in Resources */,
				2688A14F287B385900DB8BD3 /* CharactersTable.xib in Resources */,
				2688A157287B490D00DB8BD3 /* TabBarViewController.xib in Resources */,
				2688A15F287B4C9400DB8BD3 /* CollectionViewCell.xib in Resources */,
				268CADD72875C49F001DA00E /* LoginView.xib in Resources */,
			);
			runOnlyForDeploymentPostprocessing = 0;
		};
		268CADB22875C405001DA00E /* Resources */ = {
			isa = PBXResourcesBuildPhase;
			buildActionMask = 2147483647;
			files = (
				268B6CA7288496CB009CA963 /* heroes.json in Resources */,
				268B6CA9288499B0009CA963 /* jsonMalformed.json in Resources */,
				26DF96A72884BBEC00410B00 /* transformation.json in Resources */,
			);
			runOnlyForDeploymentPostprocessing = 0;
		};
/* End PBXResourcesBuildPhase section */

/* Begin PBXSourcesBuildPhase section */
		268CAD9A2875C403001DA00E /* Sources */ = {
			isa = PBXSourcesBuildPhase;
			buildActionMask = 2147483647;
			files = (
				269EEE5D28821B3C00CECA17 /* TransformationsModel.swift in Sources */,
				26871F6C287CD469002945A0 /* DetailViewController.swift in Sources */,
				268EE3EA2891D062002A72DF /* UIViewControllerExtension.swift in Sources */,
				2670B15F2876C89F00AD510B /* TableViewCell.swift in Sources */,
				2690CA062882E993007154D4 /* TransformationsDetailController.swift in Sources */,
				2688A14E287B385900DB8BD3 /* CharactersTableViewController.swift in Sources */,
				269EEE532881C2FE00CECA17 /* LocalDataModel.swift in Sources */,
				2688A15E287B4C9400DB8BD3 /* CollectionViewCell.swift in Sources */,
				26890EDC287F772E00F5D141 /* HeroModel.swift in Sources */,
				268CADD62875C49F001DA00E /* LoginViewController.swift in Sources */,
				269EEE562881EC1B00CECA17 /* TransformViewController.swift in Sources */,
				268C888D287BA5FF00D135EA /* CollectionViewController.swift in Sources */,
				269EEE5A2881F03B00CECA17 /* TransformationsViewCell.swift in Sources */,
				268CADA22875C403001DA00E /* AppDelegate.swift in Sources */,
				2688A156287B490D00DB8BD3 /* TabBarViewController.swift in Sources */,
				26890EDA287F6C4100F5D141 /* NetworkModel.swift in Sources */,
				268CADA42875C403001DA00E /* SceneDelegate.swift in Sources */,
				269EEE502881976200CECA17 /* UIImageExtension.swift in Sources */,
			);
			runOnlyForDeploymentPostprocessing = 0;
		};
		268CADB02875C405001DA00E /* Sources */ = {
			isa = PBXSourcesBuildPhase;
			buildActionMask = 2147483647;
			files = (
				26316897288317F100B54F21 /* URLSessionMock.swift in Sources */,
				268CADB92875C405001DA00E /* NetworkModelTests.swift in Sources */,
				268B6CA5288473F9009CA963 /* LocalDataModelTests.swift in Sources */,
			);
			runOnlyForDeploymentPostprocessing = 0;
		};
/* End PBXSourcesBuildPhase section */

/* Begin PBXTargetDependency section */
		268CADB62875C405001DA00E /* PBXTargetDependency */ = {
			isa = PBXTargetDependency;
			target = 268CAD9D2875C403001DA00E /* Dragon Ball */;
			targetProxy = 268CADB52875C405001DA00E /* PBXContainerItemProxy */;
		};
/* End PBXTargetDependency section */

/* Begin PBXVariantGroup section */
		268CADAC2875C405001DA00E /* LaunchScreen.storyboard */ = {
			isa = PBXVariantGroup;
			children = (
				268CADAD2875C405001DA00E /* Base */,
			);
			name = LaunchScreen.storyboard;
			sourceTree = "<group>";
		};
/* End PBXVariantGroup section */

/* Begin XCBuildConfiguration section */
		268CADC62875C406001DA00E /* Debug */ = {
			isa = XCBuildConfiguration;
			buildSettings = {
				ALWAYS_SEARCH_USER_PATHS = NO;
				CLANG_ANALYZER_NONNULL = YES;
				CLANG_ANALYZER_NUMBER_OBJECT_CONVERSION = YES_AGGRESSIVE;
				CLANG_CXX_LANGUAGE_STANDARD = "gnu++17";
				CLANG_ENABLE_MODULES = YES;
				CLANG_ENABLE_OBJC_ARC = YES;
				CLANG_ENABLE_OBJC_WEAK = YES;
				CLANG_WARN_BLOCK_CAPTURE_AUTORELEASING = YES;
				CLANG_WARN_BOOL_CONVERSION = YES;
				CLANG_WARN_COMMA = YES;
				CLANG_WARN_CONSTANT_CONVERSION = YES;
				CLANG_WARN_DEPRECATED_OBJC_IMPLEMENTATIONS = YES;
				CLANG_WARN_DIRECT_OBJC_ISA_USAGE = YES_ERROR;
				CLANG_WARN_DOCUMENTATION_COMMENTS = YES;
				CLANG_WARN_EMPTY_BODY = YES;
				CLANG_WARN_ENUM_CONVERSION = YES;
				CLANG_WARN_INFINITE_RECURSION = YES;
				CLANG_WARN_INT_CONVERSION = YES;
				CLANG_WARN_NON_LITERAL_NULL_CONVERSION = YES;
				CLANG_WARN_OBJC_IMPLICIT_RETAIN_SELF = YES;
				CLANG_WARN_OBJC_LITERAL_CONVERSION = YES;
				CLANG_WARN_OBJC_ROOT_CLASS = YES_ERROR;
				CLANG_WARN_QUOTED_INCLUDE_IN_FRAMEWORK_HEADER = YES;
				CLANG_WARN_RANGE_LOOP_ANALYSIS = YES;
				CLANG_WARN_STRICT_PROTOTYPES = YES;
				CLANG_WARN_SUSPICIOUS_MOVE = YES;
				CLANG_WARN_UNGUARDED_AVAILABILITY = YES_AGGRESSIVE;
				CLANG_WARN_UNREACHABLE_CODE = YES;
				CLANG_WARN__DUPLICATE_METHOD_MATCH = YES;
				COPY_PHASE_STRIP = NO;
				DEBUG_INFORMATION_FORMAT = dwarf;
				ENABLE_STRICT_OBJC_MSGSEND = YES;
				ENABLE_TESTABILITY = YES;
				GCC_C_LANGUAGE_STANDARD = gnu11;
				GCC_DYNAMIC_NO_PIC = NO;
				GCC_NO_COMMON_BLOCKS = YES;
				GCC_OPTIMIZATION_LEVEL = 0;
				GCC_PREPROCESSOR_DEFINITIONS = (
					"DEBUG=1",
					"$(inherited)",
				);
				GCC_WARN_64_TO_32_BIT_CONVERSION = YES;
				GCC_WARN_ABOUT_RETURN_TYPE = YES_ERROR;
				GCC_WARN_UNDECLARED_SELECTOR = YES;
				GCC_WARN_UNINITIALIZED_AUTOS = YES_AGGRESSIVE;
				GCC_WARN_UNUSED_FUNCTION = YES;
				GCC_WARN_UNUSED_VARIABLE = YES;
				IPHONEOS_DEPLOYMENT_TARGET = 15.5;
				MTL_ENABLE_DEBUG_INFO = INCLUDE_SOURCE;
				MTL_FAST_MATH = YES;
				ONLY_ACTIVE_ARCH = YES;
				SDKROOT = iphoneos;
				SWIFT_ACTIVE_COMPILATION_CONDITIONS = DEBUG;
				SWIFT_OPTIMIZATION_LEVEL = "-Onone";
			};
			name = Debug;
		};
		268CADC72875C406001DA00E /* Release */ = {
			isa = XCBuildConfiguration;
			buildSettings = {
				ALWAYS_SEARCH_USER_PATHS = NO;
				CLANG_ANALYZER_NONNULL = YES;
				CLANG_ANALYZER_NUMBER_OBJECT_CONVERSION = YES_AGGRESSIVE;
				CLANG_CXX_LANGUAGE_STANDARD = "gnu++17";
				CLANG_ENABLE_MODULES = YES;
				CLANG_ENABLE_OBJC_ARC = YES;
				CLANG_ENABLE_OBJC_WEAK = YES;
				CLANG_WARN_BLOCK_CAPTURE_AUTORELEASING = YES;
				CLANG_WARN_BOOL_CONVERSION = YES;
				CLANG_WARN_COMMA = YES;
				CLANG_WARN_CONSTANT_CONVERSION = YES;
				CLANG_WARN_DEPRECATED_OBJC_IMPLEMENTATIONS = YES;
				CLANG_WARN_DIRECT_OBJC_ISA_USAGE = YES_ERROR;
				CLANG_WARN_DOCUMENTATION_COMMENTS = YES;
				CLANG_WARN_EMPTY_BODY = YES;
				CLANG_WARN_ENUM_CONVERSION = YES;
				CLANG_WARN_INFINITE_RECURSION = YES;
				CLANG_WARN_INT_CONVERSION = YES;
				CLANG_WARN_NON_LITERAL_NULL_CONVERSION = YES;
				CLANG_WARN_OBJC_IMPLICIT_RETAIN_SELF = YES;
				CLANG_WARN_OBJC_LITERAL_CONVERSION = YES;
				CLANG_WARN_OBJC_ROOT_CLASS = YES_ERROR;
				CLANG_WARN_QUOTED_INCLUDE_IN_FRAMEWORK_HEADER = YES;
				CLANG_WARN_RANGE_LOOP_ANALYSIS = YES;
				CLANG_WARN_STRICT_PROTOTYPES = YES;
				CLANG_WARN_SUSPICIOUS_MOVE = YES;
				CLANG_WARN_UNGUARDED_AVAILABILITY = YES_AGGRESSIVE;
				CLANG_WARN_UNREACHABLE_CODE = YES;
				CLANG_WARN__DUPLICATE_METHOD_MATCH = YES;
				COPY_PHASE_STRIP = NO;
				DEBUG_INFORMATION_FORMAT = "dwarf-with-dsym";
				ENABLE_NS_ASSERTIONS = NO;
				ENABLE_STRICT_OBJC_MSGSEND = YES;
				GCC_C_LANGUAGE_STANDARD = gnu11;
				GCC_NO_COMMON_BLOCKS = YES;
				GCC_WARN_64_TO_32_BIT_CONVERSION = YES;
				GCC_WARN_ABOUT_RETURN_TYPE = YES_ERROR;
				GCC_WARN_UNDECLARED_SELECTOR = YES;
				GCC_WARN_UNINITIALIZED_AUTOS = YES_AGGRESSIVE;
				GCC_WARN_UNUSED_FUNCTION = YES;
				GCC_WARN_UNUSED_VARIABLE = YES;
				IPHONEOS_DEPLOYMENT_TARGET = 15.5;
				MTL_ENABLE_DEBUG_INFO = NO;
				MTL_FAST_MATH = YES;
				SDKROOT = iphoneos;
				SWIFT_COMPILATION_MODE = wholemodule;
				SWIFT_OPTIMIZATION_LEVEL = "-O";
				VALIDATE_PRODUCT = YES;
			};
			name = Release;
		};
		268CADC92875C406001DA00E /* Debug */ = {
			isa = XCBuildConfiguration;
			buildSettings = {
				ASSETCATALOG_COMPILER_APPICON_NAME = AppIcon;
				ASSETCATALOG_COMPILER_GLOBAL_ACCENT_COLOR_NAME = AccentColor;
				CODE_SIGN_STYLE = Automatic;
				CURRENT_PROJECT_VERSION = 1;
				DEVELOPMENT_TEAM = F9QA4T4B5C;
				GENERATE_INFOPLIST_FILE = YES;
				INFOPLIST_FILE = "Dragon Ball/Info.plist";
				INFOPLIST_KEY_UIApplicationSupportsIndirectInputEvents = YES;
				INFOPLIST_KEY_UILaunchStoryboardName = LaunchScreen;
				INFOPLIST_KEY_UISupportedInterfaceOrientations_iPad = "UIInterfaceOrientationPortrait UIInterfaceOrientationPortraitUpsideDown UIInterfaceOrientationLandscapeLeft UIInterfaceOrientationLandscapeRight";
				INFOPLIST_KEY_UISupportedInterfaceOrientations_iPhone = "UIInterfaceOrientationPortrait UIInterfaceOrientationLandscapeLeft UIInterfaceOrientationLandscapeRight";
				LD_RUNPATH_SEARCH_PATHS = (
					"$(inherited)",
					"@executable_path/Frameworks",
				);
				MARKETING_VERSION = 1.0;
				PRODUCT_BUNDLE_IDENTIFIER = "com.franalarza.Dragon-Ball";
				PRODUCT_NAME = "$(TARGET_NAME)";
				SWIFT_EMIT_LOC_STRINGS = YES;
				SWIFT_VERSION = 5.0;
				TARGETED_DEVICE_FAMILY = "1,2";
			};
			name = Debug;
		};
		268CADCA2875C406001DA00E /* Release */ = {
			isa = XCBuildConfiguration;
			buildSettings = {
				ASSETCATALOG_COMPILER_APPICON_NAME = AppIcon;
				ASSETCATALOG_COMPILER_GLOBAL_ACCENT_COLOR_NAME = AccentColor;
				CODE_SIGN_STYLE = Automatic;
				CURRENT_PROJECT_VERSION = 1;
				DEVELOPMENT_TEAM = F9QA4T4B5C;
				GENERATE_INFOPLIST_FILE = YES;
				INFOPLIST_FILE = "Dragon Ball/Info.plist";
				INFOPLIST_KEY_UIApplicationSupportsIndirectInputEvents = YES;
				INFOPLIST_KEY_UILaunchStoryboardName = LaunchScreen;
				INFOPLIST_KEY_UISupportedInterfaceOrientations_iPad = "UIInterfaceOrientationPortrait UIInterfaceOrientationPortraitUpsideDown UIInterfaceOrientationLandscapeLeft UIInterfaceOrientationLandscapeRight";
				INFOPLIST_KEY_UISupportedInterfaceOrientations_iPhone = "UIInterfaceOrientationPortrait UIInterfaceOrientationLandscapeLeft UIInterfaceOrientationLandscapeRight";
				LD_RUNPATH_SEARCH_PATHS = (
					"$(inherited)",
					"@executable_path/Frameworks",
				);
				MARKETING_VERSION = 1.0;
				PRODUCT_BUNDLE_IDENTIFIER = "com.franalarza.Dragon-Ball";
				PRODUCT_NAME = "$(TARGET_NAME)";
				SWIFT_EMIT_LOC_STRINGS = YES;
				SWIFT_VERSION = 5.0;
				TARGETED_DEVICE_FAMILY = "1,2";
			};
			name = Release;
		};
		268CADCC2875C406001DA00E /* Debug */ = {
			isa = XCBuildConfiguration;
			buildSettings = {
				ALWAYS_EMBED_SWIFT_STANDARD_LIBRARIES = YES;
				BUNDLE_LOADER = "$(TEST_HOST)";
				CODE_SIGN_STYLE = Automatic;
				CURRENT_PROJECT_VERSION = 1;
				DEVELOPMENT_TEAM = F9QA4T4B5C;
				GENERATE_INFOPLIST_FILE = YES;
				IPHONEOS_DEPLOYMENT_TARGET = 15.5;
				MARKETING_VERSION = 1.0;
				PRODUCT_BUNDLE_IDENTIFIER = "com.franalarza.Dragon-BallTests";
				PRODUCT_NAME = "$(TARGET_NAME)";
				SWIFT_EMIT_LOC_STRINGS = NO;
				SWIFT_VERSION = 5.0;
				TARGETED_DEVICE_FAMILY = "1,2";
				TEST_HOST = "$(BUILT_PRODUCTS_DIR)/Dragon Ball.app/Dragon Ball";
			};
			name = Debug;
		};
		268CADCD2875C406001DA00E /* Release */ = {
			isa = XCBuildConfiguration;
			buildSettings = {
				ALWAYS_EMBED_SWIFT_STANDARD_LIBRARIES = YES;
				BUNDLE_LOADER = "$(TEST_HOST)";
				CODE_SIGN_STYLE = Automatic;
				CURRENT_PROJECT_VERSION = 1;
				DEVELOPMENT_TEAM = F9QA4T4B5C;
				GENERATE_INFOPLIST_FILE = YES;
				IPHONEOS_DEPLOYMENT_TARGET = 15.5;
				MARKETING_VERSION = 1.0;
				PRODUCT_BUNDLE_IDENTIFIER = "com.franalarza.Dragon-BallTests";
				PRODUCT_NAME = "$(TARGET_NAME)";
				SWIFT_EMIT_LOC_STRINGS = NO;
				SWIFT_VERSION = 5.0;
				TARGETED_DEVICE_FAMILY = "1,2";
				TEST_HOST = "$(BUILT_PRODUCTS_DIR)/Dragon Ball.app/Dragon Ball";
			};
			name = Release;
		};
/* End XCBuildConfiguration section */

/* Begin XCConfigurationList section */
		268CAD992875C403001DA00E /* Build configuration list for PBXProject "Dragon Ball" */ = {
			isa = XCConfigurationList;
			buildConfigurations = (
				268CADC62875C406001DA00E /* Debug */,
				268CADC72875C406001DA00E /* Release */,
			);
			defaultConfigurationIsVisible = 0;
			defaultConfigurationName = Release;
		};
		268CADC82875C406001DA00E /* Build configuration list for PBXNativeTarget "Dragon Ball" */ = {
			isa = XCConfigurationList;
			buildConfigurations = (
				268CADC92875C406001DA00E /* Debug */,
				268CADCA2875C406001DA00E /* Release */,
			);
			defaultConfigurationIsVisible = 0;
			defaultConfigurationName = Release;
		};
		268CADCB2875C406001DA00E /* Build configuration list for PBXNativeTarget "Dragon BallTests" */ = {
			isa = XCConfigurationList;
			buildConfigurations = (
				268CADCC2875C406001DA00E /* Debug */,
				268CADCD2875C406001DA00E /* Release */,
			);
			defaultConfigurationIsVisible = 0;
			defaultConfigurationName = Release;
		};
/* End XCConfigurationList section */
	};
	rootObject = 268CAD962875C403001DA00E /* Project object */;
}
